
Microsoft Visual Studio Solution File, Format Version 12.00
# Visual Studio Version 16
VisualStudioVersion = 16.0.30114.105
MinimumVisualStudioVersion = 10.0.40219.1
Project("{FAE04EC0-301F-11D3-BF4B-00C04F79EFBC}") = "ShopB", "ShopB.csproj", "{25F6A425-5C76-4962-87D3-EDCE4CFE5EA9}"
EndProject
Global
	GlobalSection(SolutionConfigurationPlatforms) = preSolution
		Debug|Any CPU = Debug|Any CPU
		Release|Any CPU = Release|Any CPU
	EndGlobalSection
	GlobalSection(ProjectConfigurationPlatforms) = postSolution
		{25F6A425-5C76-4962-87D3-EDCE4CFE5EA9}.Debug|Any CPU.ActiveCfg = Debug|Any CPU
		{25F6A425-5C76-4962-87D3-EDCE4CFE5EA9}.Debug|Any CPU.Build.0 = Debug|Any CPU
		{25F6A425-5C76-4962-87D3-EDCE4CFE5EA9}.Release|Any CPU.ActiveCfg = Release|Any CPU
		{25F6A425-5C76-4962-87D3-EDCE4CFE5EA9}.Release|Any CPU.Build.0 = Release|Any CPU
	EndGlobalSection
	GlobalSection(SolutionProperties) = preSolution
		HideSolutionNode = FALSE
	EndGlobalSection
	GlobalSection(ExtensibilityGlobals) = postSolution
		SolutionGuid = {4431541D-D0B1-4BE3-88FD-80BC5F4ECFFE}
	EndGlobalSection
EndGlobal
